
Microsoft Visual Studio Solution File, Format Version 12.00
# Visual Studio Version 17
VisualStudioVersion = 17.0.31903.59
MinimumVisualStudioVersion = 10.0.40219.1
Project("{2150E333-8FDC-42A3-9474-1A3956D46DE8}") = "src", "src", "{63AEB624-447D-4E59-8D36-1EA0AEF068EE}"
EndProject
Project("{FAE04EC0-301F-11D3-BF4B-00C04F79EFBC}") = "Motocross.Api", "src\Api\Motocross.Api.csproj", "{D16DE379-8FD2-4B0E-96C0-734B3B7A64FC}"
EndProject
Project("{FAE04EC0-301F-11D3-BF4B-00C04F79EFBC}") = "Motocross.Application", "src\Application\Motocross.Application.csproj", "{5C074412-4AC1-4600-9B01-085637ACDB6C}"
EndProject
Project("{FAE04EC0-301F-11D3-BF4B-00C04F79EFBC}") = "Motocross.Domain", "src\Domain\Motocross.Domain.csproj", "{929F0800-A705-43E1-8BBD-C51E6FE6D8F9}"
EndProject
Project("{FAE04EC0-301F-11D3-BF4B-00C04F79EFBC}") = "Motocross.Infrastructure", "src\Infrastructure\Motocross.Infrastructure.csproj", "{60914C89-3F01-4822-ABE3-46C4BB5E1D09}"
EndProject
Global
	GlobalSection(SolutionConfigurationPlatforms) = preSolution
		Debug|Any CPU = Debug|Any CPU
		Release|Any CPU = Release|Any CPU
	EndGlobalSection
	GlobalSection(SolutionProperties) = preSolution
		HideSolutionNode = FALSE
	EndGlobalSection
	GlobalSection(ProjectConfigurationPlatforms) = postSolution
		{D16DE379-8FD2-4B0E-96C0-734B3B7A64FC}.Debug|Any CPU.ActiveCfg = Debug|Any CPU
		{D16DE379-8FD2-4B0E-96C0-734B3B7A64FC}.Debug|Any CPU.Build.0 = Debug|Any CPU
		{D16DE379-8FD2-4B0E-96C0-734B3B7A64FC}.Release|Any CPU.ActiveCfg = Release|Any CPU
		{D16DE379-8FD2-4B0E-96C0-734B3B7A64FC}.Release|Any CPU.Build.0 = Release|Any CPU
		{5C074412-4AC1-4600-9B01-085637ACDB6C}.Debug|Any CPU.ActiveCfg = Debug|Any CPU
		{5C074412-4AC1-4600-9B01-085637ACDB6C}.Debug|Any CPU.Build.0 = Debug|Any CPU
		{5C074412-4AC1-4600-9B01-085637ACDB6C}.Release|Any CPU.ActiveCfg = Release|Any CPU
		{5C074412-4AC1-4600-9B01-085637ACDB6C}.Release|Any CPU.Build.0 = Release|Any CPU
		{929F0800-A705-43E1-8BBD-C51E6FE6D8F9}.Debug|Any CPU.ActiveCfg = Debug|Any CPU
		{929F0800-A705-43E1-8BBD-C51E6FE6D8F9}.Debug|Any CPU.Build.0 = Debug|Any CPU
		{929F0800-A705-43E1-8BBD-C51E6FE6D8F9}.Release|Any CPU.ActiveCfg = Release|Any CPU
		{929F0800-A705-43E1-8BBD-C51E6FE6D8F9}.Release|Any CPU.Build.0 = Release|Any CPU
		{60914C89-3F01-4822-ABE3-46C4BB5E1D09}.Debug|Any CPU.ActiveCfg = Debug|Any CPU
		{60914C89-3F01-4822-ABE3-46C4BB5E1D09}.Debug|Any CPU.Build.0 = Debug|Any CPU
		{60914C89-3F01-4822-ABE3-46C4BB5E1D09}.Release|Any CPU.ActiveCfg = Release|Any CPU
		{60914C89-3F01-4822-ABE3-46C4BB5E1D09}.Release|Any CPU.Build.0 = Release|Any CPU
	EndGlobalSection
	GlobalSection(NestedProjects) = preSolution
		{D16DE379-8FD2-4B0E-96C0-734B3B7A64FC} = {63AEB624-447D-4E59-8D36-1EA0AEF068EE}
		{5C074412-4AC1-4600-9B01-085637ACDB6C} = {63AEB624-447D-4E59-8D36-1EA0AEF068EE}
		{929F0800-A705-43E1-8BBD-C51E6FE6D8F9} = {63AEB624-447D-4E59-8D36-1EA0AEF068EE}
		{60914C89-3F01-4822-ABE3-46C4BB5E1D09} = {63AEB624-447D-4E59-8D36-1EA0AEF068EE}
	EndGlobalSection
EndGlobal
